
Microsoft Visual Studio Solution File, Format Version 12.00
# Visual Studio Version 17
VisualStudioVersion = 17.7.34024.191
MinimumVisualStudioVersion = 10.0.40219.1
Project("{FAE04EC0-301F-11D3-BF4B-00C04F79EFBC}") = "CamApi", "CamApi\CamApi.csproj", "{C49DA7DC-EC23-4DA4-BDC3-DDA98631A6EC}"
EndProject
Global
	GlobalSection(SolutionConfigurationPlatforms) = preSolution
		Debug|Any CPU = Debug|Any CPU
		Release|Any CPU = Release|Any CPU
	EndGlobalSection
	GlobalSection(ProjectConfigurationPlatforms) = postSolution
		{C49DA7DC-EC23-4DA4-BDC3-DDA98631A6EC}.Debug|Any CPU.ActiveCfg = Debug|Any CPU
		{C49DA7DC-EC23-4DA4-BDC3-DDA98631A6EC}.Debug|Any CPU.Build.0 = Debug|Any CPU
		{C49DA7DC-EC23-4DA4-BDC3-DDA98631A6EC}.Release|Any CPU.ActiveCfg = Release|Any CPU
		{C49DA7DC-EC23-4DA4-BDC3-DDA98631A6EC}.Release|Any CPU.Build.0 = Release|Any CPU
	EndGlobalSection
	GlobalSection(SolutionProperties) = preSolution
		HideSolutionNode = FALSE
	EndGlobalSection
	GlobalSection(ExtensibilityGlobals) = postSolution
		SolutionGuid = {3DEA75D9-1271-4ECD-8516-64E2BA31BB2D}
	EndGlobalSection
EndGlobal
